PODS:
  - Localize-Swift (1.1)
  - SwiftyJSON (2.3.2)

DEPENDENCIES:
  - Localize-Swift (~> 1.1)
  - SwiftyJSON (from `https://github.com/SwiftyJSON/SwiftyJSON.git`)

EXTERNAL SOURCES:
  SwiftyJSON:
    :git: https://github.com/SwiftyJSON/SwiftyJSON.git

CHECKOUT OPTIONS:
  SwiftyJSON:
    :commit: 2a5b70f06001316d4fb54501edc70b4084705da0
    :git: https://github.com/SwiftyJSON/SwiftyJSON.git

SPEC CHECKSUMS:
  Localize-Swift: 72fab22c9c271a1041082fa3b53ca64e527ccf4a
  SwiftyJSON: 04ccea08915aa0109039157c7974cf0298da292a

COCOAPODS: 0.39.0
