// !$*UTF8*$!
{
	archiveVersion = 1;
	classes = {
	};
	objectVersion = 46;
	objects = {

/* Begin PBXBuildFile section */
		132EF875AB8D87D7144DFAFD /* Pods_ConfPlus.framework in Frameworks */ = {isa = PBXBuildFile; fileRef = 2E6716C6129756C80225EDE5 /* Pods_ConfPlus.framework */; };
		C94AFA4D1C98085B00EC88B6 /* TicketDetailsViewController.swift in Sources */ = {isa = PBXBuildFile; fileRef = C94AFA4C1C98085B00EC88B6 /* TicketDetailsViewController.swift */; };
		C94AFA4F1C9808AB00EC88B6 /* PersonalDetailsViewController.swift in Sources */ = {isa = PBXBuildFile; fileRef = C94AFA4E1C9808AB00EC88B6 /* PersonalDetailsViewController.swift */; };
		C94AFA511C980A0B00EC88B6 /* PaymentViewController.swift in Sources */ = {isa = PBXBuildFile; fileRef = C94AFA501C980A0B00EC88B6 /* PaymentViewController.swift */; };
		C94AFA531C980A5400EC88B6 /* ReceiptViewController.swift in Sources */ = {isa = PBXBuildFile; fileRef = C94AFA521C980A5400EC88B6 /* ReceiptViewController.swift */; };
		C94AFA581C980D7C00EC88B6 /* HomeViewController.swift in Sources */ = {isa = PBXBuildFile; fileRef = C94AFA571C980D7C00EC88B6 /* HomeViewController.swift */; };
		C94AFA5A1C980DE400EC88B6 /* TimeTableViewController.swift in Sources */ = {isa = PBXBuildFile; fileRef = C94AFA591C980DE400EC88B6 /* TimeTableViewController.swift */; };
		C94AFA5C1C980E3B00EC88B6 /* TalksViewController.swift in Sources */ = {isa = PBXBuildFile; fileRef = C94AFA5B1C980E3B00EC88B6 /* TalksViewController.swift */; };
		C94AFA5E1C980ECE00EC88B6 /* MessagesTableViewController.swift in Sources */ = {isa = PBXBuildFile; fileRef = C94AFA5D1C980ECE00EC88B6 /* MessagesTableViewController.swift */; };
		C94AFA601C9811BD00EC88B6 /* MapViewController.swift in Sources */ = {isa = PBXBuildFile; fileRef = C94AFA5F1C9811BD00EC88B6 /* MapViewController.swift */; };
		C94AFA661C981CAD00EC88B6 /* MyTicketsTableViewController.swift in Sources */ = {isa = PBXBuildFile; fileRef = C94AFA651C981CAD00EC88B6 /* MyTicketsTableViewController.swift */; };
		C94AFA6A1C981D9000EC88B6 /* TicketProfileTableViewController.swift in Sources */ = {isa = PBXBuildFile; fileRef = C94AFA691C981D9000EC88B6 /* TicketProfileTableViewController.swift */; };
		C94AFA6C1C981E7700EC88B6 /* SecurityViewController.swift in Sources */ = {isa = PBXBuildFile; fileRef = C94AFA6B1C981E7700EC88B6 /* SecurityViewController.swift */; };
		C94AFA6E1C981F1A00EC88B6 /* AttendingViewController.swift in Sources */ = {isa = PBXBuildFile; fileRef = C94AFA6D1C981F1A00EC88B6 /* AttendingViewController.swift */; };
		C94AFA711C981FED00EC88B6 /* AdminTableViewController.swift in Sources */ = {isa = PBXBuildFile; fileRef = C94AFA701C981FED00EC88B6 /* AdminTableViewController.swift */; };
		C94AFA741C98217C00EC88B6 /* AccountTableViewController.swift in Sources */ = {isa = PBXBuildFile; fileRef = C94AFA731C98217C00EC88B6 /* AccountTableViewController.swift */; };
		C94AFA761C98221400EC88B6 /* HistoryTableViewController.swift in Sources */ = {isa = PBXBuildFile; fileRef = C94AFA751C98221400EC88B6 /* HistoryTableViewController.swift */; };
		C999E8E51CB12C2A00E05C67 /* Billing+CoreDataProperties.swift in Sources */ = {isa = PBXBuildFile; fileRef = C999E8CD1CB12C2A00E05C67 /* Billing+CoreDataProperties.swift */; };
		C999E8E61CB12C2A00E05C67 /* Billing.swift in Sources */ = {isa = PBXBuildFile; fileRef = C999E8CE1CB12C2A00E05C67 /* Billing.swift */; };
		C999E8E71CB12C2A00E05C67 /* Message+CoreDataProperties.swift in Sources */ = {isa = PBXBuildFile; fileRef = C999E8CF1CB12C2A00E05C67 /* Message+CoreDataProperties.swift */; };
		C999E8E81CB12C2A00E05C67 /* Message.swift in Sources */ = {isa = PBXBuildFile; fileRef = C999E8D01CB12C2A00E05C67 /* Message.swift */; };
		C999E8E91CB12C2A00E05C67 /* Event+CoreDataProperties.swift in Sources */ = {isa = PBXBuildFile; fileRef = C999E8D11CB12C2A00E05C67 /* Event+CoreDataProperties.swift */; };
		C999E8EA1CB12C2A00E05C67 /* Event.swift in Sources */ = {isa = PBXBuildFile; fileRef = C999E8D21CB12C2A00E05C67 /* Event.swift */; };
		C999E8EB1CB12C2A00E05C67 /* User_Tag+CoreDataProperties.swift in Sources */ = {isa = PBXBuildFile; fileRef = C999E8D31CB12C2A00E05C67 /* User_Tag+CoreDataProperties.swift */; };
		C999E8EC1CB12C2A00E05C67 /* User_Tag.swift in Sources */ = {isa = PBXBuildFile; fileRef = C999E8D41CB12C2A00E05C67 /* User_Tag.swift */; };
		C999E8ED1CB12C2A00E05C67 /* Session_Attending+CoreDataProperties.swift in Sources */ = {isa = PBXBuildFile; fileRef = C999E8D51CB12C2A00E05C67 /* Session_Attending+CoreDataProperties.swift */; };
		C999E8EE1CB12C2A00E05C67 /* Session_Attending.swift in Sources */ = {isa = PBXBuildFile; fileRef = C999E8D61CB12C2A00E05C67 /* Session_Attending.swift */; };
		C999E8EF1CB12C2A00E05C67 /* Event_Tag+CoreDataProperties.swift in Sources */ = {isa = PBXBuildFile; fileRef = C999E8D71CB12C2A00E05C67 /* Event_Tag+CoreDataProperties.swift */; };
		C999E8F01CB12C2A00E05C67 /* Event_Tag.swift in Sources */ = {isa = PBXBuildFile; fileRef = C999E8D81CB12C2A00E05C67 /* Event_Tag.swift */; };
		C999E8F11CB12C2A00E05C67 /* User+CoreDataProperties.swift in Sources */ = {isa = PBXBuildFile; fileRef = C999E8D91CB12C2A00E05C67 /* User+CoreDataProperties.swift */; };
		C999E8F21CB12C2A00E05C67 /* User.swift in Sources */ = {isa = PBXBuildFile; fileRef = C999E8DA1CB12C2A00E05C67 /* User.swift */; };
		C999E8F31CB12C2A00E05C67 /* Payment+CoreDataProperties.swift in Sources */ = {isa = PBXBuildFile; fileRef = C999E8DB1CB12C2A00E05C67 /* Payment+CoreDataProperties.swift */; };
		C999E8F41CB12C2A00E05C67 /* Payment.swift in Sources */ = {isa = PBXBuildFile; fileRef = C999E8DC1CB12C2A00E05C67 /* Payment.swift */; };
		C999E8F51CB12C2A00E05C67 /* Ticket+CoreDataProperties.swift in Sources */ = {isa = PBXBuildFile; fileRef = C999E8DD1CB12C2A00E05C67 /* Ticket+CoreDataProperties.swift */; };
		C999E8F61CB12C2A00E05C67 /* Ticket.swift in Sources */ = {isa = PBXBuildFile; fileRef = C999E8DE1CB12C2A00E05C67 /* Ticket.swift */; };
		C999E8F71CB12C2A00E05C67 /* Event_Attended+CoreDataProperties.swift in Sources */ = {isa = PBXBuildFile; fileRef = C999E8DF1CB12C2A00E05C67 /* Event_Attended+CoreDataProperties.swift */; };
		C999E8F81CB12C2A00E05C67 /* Event_Attended.swift in Sources */ = {isa = PBXBuildFile; fileRef = C999E8E01CB12C2A00E05C67 /* Event_Attended.swift */; };
		C999E8F91CB12C2A00E05C67 /* Reminder+CoreDataProperties.swift in Sources */ = {isa = PBXBuildFile; fileRef = C999E8E11CB12C2A00E05C67 /* Reminder+CoreDataProperties.swift */; };
		C999E8FA1CB12C2A00E05C67 /* Reminder.swift in Sources */ = {isa = PBXBuildFile; fileRef = C999E8E21CB12C2A00E05C67 /* Reminder.swift */; };
		C999E8FB1CB12C2A00E05C67 /* Session+CoreDataProperties.swift in Sources */ = {isa = PBXBuildFile; fileRef = C999E8E31CB12C2A00E05C67 /* Session+CoreDataProperties.swift */; };
		C999E8FC1CB12C2A00E05C67 /* Session.swift in Sources */ = {isa = PBXBuildFile; fileRef = C999E8E41CB12C2A00E05C67 /* Session.swift */; };
		C9F4E0BA1CA0CEC8009CA1A9 /* Model.xcdatamodeld in Sources */ = {isa = PBXBuildFile; fileRef = C9F4E0B81CA0CEC8009CA1A9 /* Model.xcdatamodeld */; };
		E90201C11C9CB7EB00C7839A /* ExploreTableViewCell.swift in Sources */ = {isa = PBXBuildFile; fileRef = E90201C01C9CB7EB00C7839A /* ExploreTableViewCell.swift */; };
		E90201C31C9CC2E200C7839A /* EventDetailTableViewController.swift in Sources */ = {isa = PBXBuildFile; fileRef = E90201C21C9CC2E200C7839A /* EventDetailTableViewController.swift */; };
		E90201C71C9CC74400C7839A /* EventTableViewCell.swift in Sources */ = {isa = PBXBuildFile; fileRef = E90201C61C9CC74400C7839A /* EventTableViewCell.swift */; };
		E90201C91C9CC84A00C7839A /* EventsViewController.swift in Sources */ = {isa = PBXBuildFile; fileRef = E90201C81C9CC84A00C7839A /* EventsViewController.swift */; };
		E90A0A621BCF7143005D611C /* Readme.md in Sources */ = {isa = PBXBuildFile; fileRef = E90A0A611BCF7143005D611C /* Readme.md */; };
		E92C925E1CAA7DDC0093EDCD /* Localizable.strings in Resources */ = {isa = PBXBuildFile; fileRef = E92C92601CAA7DDC0093EDCD /* Localizable.strings */; };
		E93163611BC5E0B4007408C7 /* AppDelegate.swift in Sources */ = {isa = PBXBuildFile; fileRef = E93163601BC5E0B4007408C7 /* AppDelegate.swift */; };
		E93163681BC5E0B4007408C7 /* Main.storyboard in Resources */ = {isa = PBXBuildFile; fileRef = E93163661BC5E0B4007408C7 /* Main.storyboard */; };
		E931636A1BC5E0B4007408C7 /* Assets.xcassets in Resources */ = {isa = PBXBuildFile; fileRef = E93163691BC5E0B4007408C7 /* Assets.xcassets */; };
		E93163911BC5E294007408C7 /* viewEffect.swift in Sources */ = {isa = PBXBuildFile; fileRef = E93163901BC5E294007408C7 /* viewEffect.swift */; };
		E93163931BC5E573007408C7 /* LoginViewController.swift in Sources */ = {isa = PBXBuildFile; fileRef = E93163921BC5E573007408C7 /* LoginViewController.swift */; };
		E93163981BC62AB6007408C7 /* ExploreViewController.swift in Sources */ = {isa = PBXBuildFile; fileRef = E93163971BC62AB6007408C7 /* ExploreViewController.swift */; };
/* End PBXBuildFile section */

/* Begin PBXFileReference section */
		2E6716C6129756C80225EDE5 /* Pods_ConfPlus.framework */ = {isa = PBXFileReference; explicitFileType = wrapper.framework; includeInIndex = 0; path = Pods_ConfPlus.framework; sourceTree = BUILT_PRODUCTS_DIR; };
		9BB052330EC07A481F9E74B8 /* Pods-ConfPlus.debug.xcconfig */ = {isa = PBXFileReference; includeInIndex = 1; lastKnownFileType = text.xcconfig; name = "Pods-ConfPlus.debug.xcconfig"; path = "Pods/Target Support Files/Pods-ConfPlus/Pods-ConfPlus.debug.xcconfig"; sourceTree = "<group>"; };
		B38CD26C8A5F4DC173A21F21 /* Pods-ConfPlus.release.xcconfig */ = {isa = PBXFileReference; includeInIndex = 1; lastKnownFileType = text.xcconfig; name = "Pods-ConfPlus.release.xcconfig"; path = "Pods/Target Support Files/Pods-ConfPlus/Pods-ConfPlus.release.xcconfig"; sourceTree = "<group>"; };
		C94AFA4C1C98085B00EC88B6 /* TicketDetailsViewController.swift */ = {isa = PBXFileReference; fileEncoding = 4; lastKnownFileType = sourcecode.swift; name = TicketDetailsViewController.swift; path = Explore/TicketDetailsViewController.swift; sourceTree = "<group>"; };
		C94AFA4E1C9808AB00EC88B6 /* PersonalDetailsViewController.swift */ = {isa = PBXFileReference; fileEncoding = 4; lastKnownFileType = sourcecode.swift; name = PersonalDetailsViewController.swift; path = Explore/PersonalDetailsViewController.swift; sourceTree = "<group>"; };
		C94AFA501C980A0B00EC88B6 /* PaymentViewController.swift */ = {isa = PBXFileReference; fileEncoding = 4; lastKnownFileType = sourcecode.swift; name = PaymentViewController.swift; path = Explore/PaymentViewController.swift; sourceTree = "<group>"; };
		C94AFA521C980A5400EC88B6 /* ReceiptViewController.swift */ = {isa = PBXFileReference; fileEncoding = 4; lastKnownFileType = sourcecode.swift; name = ReceiptViewController.swift; path = Explore/ReceiptViewController.swift; sourceTree = "<group>"; };
		C94AFA571C980D7C00EC88B6 /* HomeViewController.swift */ = {isa = PBXFileReference; fileEncoding = 4; lastKnownFileType = sourcecode.swift; name = HomeViewController.swift; path = Events/HomeViewController.swift; sourceTree = "<group>"; };
		C94AFA591C980DE400EC88B6 /* TimeTableViewController.swift */ = {isa = PBXFileReference; fileEncoding = 4; lastKnownFileType = sourcecode.swift; name = TimeTableViewController.swift; path = Events/TimeTableViewController.swift; sourceTree = "<group>"; };
		C94AFA5B1C980E3B00EC88B6 /* TalksViewController.swift */ = {isa = PBXFileReference; fileEncoding = 4; lastKnownFileType = sourcecode.swift; name = TalksViewController.swift; path = Events/TalksViewController.swift; sourceTree = "<group>"; };
		C94AFA5D1C980ECE00EC88B6 /* MessagesTableViewController.swift */ = {isa = PBXFileReference; fileEncoding = 4; lastKnownFileType = sourcecode.swift; name = MessagesTableViewController.swift; path = Events/MessagesTableViewController.swift; sourceTree = "<group>"; };
		C94AFA5F1C9811BD00EC88B6 /* MapViewController.swift */ = {isa = PBXFileReference; fileEncoding = 4; lastKnownFileType = sourcecode.swift; name = MapViewController.swift; path = Events/MapViewController.swift; sourceTree = "<group>"; };
		C94AFA651C981CAD00EC88B6 /* MyTicketsTableViewController.swift */ = {isa = PBXFileReference; fileEncoding = 4; lastKnownFileType = sourcecode.swift; name = MyTicketsTableViewController.swift; path = Events/MyTicketsTableViewController.swift; sourceTree = "<group>"; };
		C94AFA691C981D9000EC88B6 /* TicketProfileTableViewController.swift */ = {isa = PBXFileReference; fileEncoding = 4; lastKnownFileType = sourcecode.swift; name = TicketProfileTableViewController.swift; path = Events/TicketProfileTableViewController.swift; sourceTree = "<group>"; };
		C94AFA6B1C981E7700EC88B6 /* SecurityViewController.swift */ = {isa = PBXFileReference; fileEncoding = 4; lastKnownFileType = sourcecode.swift; name = SecurityViewController.swift; path = Events/SecurityViewController.swift; sourceTree = "<group>"; };
		C94AFA6D1C981F1A00EC88B6 /* AttendingViewController.swift */ = {isa = PBXFileReference; fileEncoding = 4; lastKnownFileType = sourcecode.swift; name = AttendingViewController.swift; path = Events/AttendingViewController.swift; sourceTree = "<group>"; };
		C94AFA701C981FED00EC88B6 /* AdminTableViewController.swift */ = {isa = PBXFileReference; fileEncoding = 4; lastKnownFileType = sourcecode.swift; name = AdminTableViewController.swift; path = Events/AdminTableViewController.swift; sourceTree = "<group>"; };
		C94AFA731C98217C00EC88B6 /* AccountTableViewController.swift */ = {isa = PBXFileReference; fileEncoding = 4; lastKnownFileType = sourcecode.swift; name = AccountTableViewController.swift; path = Profile/AccountTableViewController.swift; sourceTree = "<group>"; };
		C94AFA751C98221400EC88B6 /* HistoryTableViewController.swift */ = {isa = PBXFileReference; fileEncoding = 4; lastKnownFileType = sourcecode.swift; name = HistoryTableViewController.swift; path = Profile/HistoryTableViewController.swift; sourceTree = "<group>"; };
		C999E8CD1CB12C2A00E05C67 /* Billing+CoreDataProperties.swift */ = {isa = PBXFileReference; fileEncoding = 4; lastKnownFileType = sourcecode.swift; name = "Billing+CoreDataProperties.swift"; path = "Model/Billing+CoreDataProperties.swift"; sourceTree = "<group>"; };
		C999E8CE1CB12C2A00E05C67 /* Billing.swift */ = {isa = PBXFileReference; fileEncoding = 4; lastKnownFileType = sourcecode.swift; name = Billing.swift; path = Model/Billing.swift; sourceTree = "<group>"; };
		C999E8CF1CB12C2A00E05C67 /* Message+CoreDataProperties.swift */ = {isa = PBXFileReference; fileEncoding = 4; lastKnownFileType = sourcecode.swift; name = "Message+CoreDataProperties.swift"; path = "Model/Message+CoreDataProperties.swift"; sourceTree = "<group>"; };
		C999E8D01CB12C2A00E05C67 /* Message.swift */ = {isa = PBXFileReference; fileEncoding = 4; lastKnownFileType = sourcecode.swift; name = Message.swift; path = Model/Message.swift; sourceTree = "<group>"; };
		C999E8D11CB12C2A00E05C67 /* Event+CoreDataProperties.swift */ = {isa = PBXFileReference; fileEncoding = 4; lastKnownFileType = sourcecode.swift; name = "Event+CoreDataProperties.swift"; path = "Model/Event+CoreDataProperties.swift"; sourceTree = "<group>"; };
		C999E8D21CB12C2A00E05C67 /* Event.swift */ = {isa = PBXFileReference; fileEncoding = 4; lastKnownFileType = sourcecode.swift; name = Event.swift; path = Model/Event.swift; sourceTree = "<group>"; };
		C999E8D31CB12C2A00E05C67 /* User_Tag+CoreDataProperties.swift */ = {isa = PBXFileReference; fileEncoding = 4; lastKnownFileType = sourcecode.swift; name = "User_Tag+CoreDataProperties.swift"; path = "Model/User_Tag+CoreDataProperties.swift"; sourceTree = "<group>"; };
		C999E8D41CB12C2A00E05C67 /* User_Tag.swift */ = {isa = PBXFileReference; fileEncoding = 4; lastKnownFileType = sourcecode.swift; name = User_Tag.swift; path = Model/User_Tag.swift; sourceTree = "<group>"; };
		C999E8D51CB12C2A00E05C67 /* Session_Attending+CoreDataProperties.swift */ = {isa = PBXFileReference; fileEncoding = 4; lastKnownFileType = sourcecode.swift; name = "Session_Attending+CoreDataProperties.swift"; path = "Model/Session_Attending+CoreDataProperties.swift"; sourceTree = "<group>"; };
		C999E8D61CB12C2A00E05C67 /* Session_Attending.swift */ = {isa = PBXFileReference; fileEncoding = 4; lastKnownFileType = sourcecode.swift; name = Session_Attending.swift; path = Model/Session_Attending.swift; sourceTree = "<group>"; };
		C999E8D71CB12C2A00E05C67 /* Event_Tag+CoreDataProperties.swift */ = {isa = PBXFileReference; fileEncoding = 4; lastKnownFileType = sourcecode.swift; name = "Event_Tag+CoreDataProperties.swift"; path = "Model/Event_Tag+CoreDataProperties.swift"; sourceTree = "<group>"; };
		C999E8D81CB12C2A00E05C67 /* Event_Tag.swift */ = {isa = PBXFileReference; fileEncoding = 4; lastKnownFileType = sourcecode.swift; name = Event_Tag.swift; path = Model/Event_Tag.swift; sourceTree = "<group>"; };
		C999E8D91CB12C2A00E05C67 /* User+CoreDataProperties.swift */ = {isa = PBXFileReference; fileEncoding = 4; lastKnownFileType = sourcecode.swift; name = "User+CoreDataProperties.swift"; path = "Model/User+CoreDataProperties.swift"; sourceTree = "<group>"; };
		C999E8DA1CB12C2A00E05C67 /* User.swift */ = {isa = PBXFileReference; fileEncoding = 4; lastKnownFileType = sourcecode.swift; name = User.swift; path = Model/User.swift; sourceTree = "<group>"; };
		C999E8DB1CB12C2A00E05C67 /* Payment+CoreDataProperties.swift */ = {isa = PBXFileReference; fileEncoding = 4; lastKnownFileType = sourcecode.swift; name = "Payment+CoreDataProperties.swift"; path = "Model/Payment+CoreDataProperties.swift"; sourceTree = "<group>"; };
		C999E8DC1CB12C2A00E05C67 /* Payment.swift */ = {isa = PBXFileReference; fileEncoding = 4; lastKnownFileType = sourcecode.swift; name = Payment.swift; path = Model/Payment.swift; sourceTree = "<group>"; };
		C999E8DD1CB12C2A00E05C67 /* Ticket+CoreDataProperties.swift */ = {isa = PBXFileReference; fileEncoding = 4; lastKnownFileType = sourcecode.swift; name = "Ticket+CoreDataProperties.swift"; path = "Model/Ticket+CoreDataProperties.swift"; sourceTree = "<group>"; };
		C999E8DE1CB12C2A00E05C67 /* Ticket.swift */ = {isa = PBXFileReference; fileEncoding = 4; lastKnownFileType = sourcecode.swift; name = Ticket.swift; path = Model/Ticket.swift; sourceTree = "<group>"; };
		C999E8DF1CB12C2A00E05C67 /* Event_Attended+CoreDataProperties.swift */ = {isa = PBXFileReference; fileEncoding = 4; lastKnownFileType = sourcecode.swift; name = "Event_Attended+CoreDataProperties.swift"; path = "Model/Event_Attended+CoreDataProperties.swift"; sourceTree = "<group>"; };
		C999E8E01CB12C2A00E05C67 /* Event_Attended.swift */ = {isa = PBXFileReference; fileEncoding = 4; lastKnownFileType = sourcecode.swift; name = Event_Attended.swift; path = Model/Event_Attended.swift; sourceTree = "<group>"; };
		C999E8E11CB12C2A00E05C67 /* Reminder+CoreDataProperties.swift */ = {isa = PBXFileReference; fileEncoding = 4; lastKnownFileType = sourcecode.swift; name = "Reminder+CoreDataProperties.swift"; path = "Model/Reminder+CoreDataProperties.swift"; sourceTree = "<group>"; };
		C999E8E21CB12C2A00E05C67 /* Reminder.swift */ = {isa = PBXFileReference; fileEncoding = 4; lastKnownFileType = sourcecode.swift; name = Reminder.swift; path = Model/Reminder.swift; sourceTree = "<group>"; };
		C999E8E31CB12C2A00E05C67 /* Session+CoreDataProperties.swift */ = {isa = PBXFileReference; fileEncoding = 4; lastKnownFileType = sourcecode.swift; name = "Session+CoreDataProperties.swift"; path = "Model/Session+CoreDataProperties.swift"; sourceTree = "<group>"; };
		C999E8E41CB12C2A00E05C67 /* Session.swift */ = {isa = PBXFileReference; fileEncoding = 4; lastKnownFileType = sourcecode.swift; name = Session.swift; path = Model/Session.swift; sourceTree = "<group>"; };
		C9F4E0B91CA0CEC8009CA1A9 /* Model.xcdatamodel */ = {isa = PBXFileReference; lastKnownFileType = wrapper.xcdatamodel; path = Model.xcdatamodel; sourceTree = "<group>"; };
		E90201C01C9CB7EB00C7839A /* ExploreTableViewCell.swift */ = {isa = PBXFileReference; fileEncoding = 4; lastKnownFileType = sourcecode.swift; name = ExploreTableViewCell.swift; path = Explore/ExploreTableViewCell.swift; sourceTree = "<group>"; };
		E90201C21C9CC2E200C7839A /* EventDetailTableViewController.swift */ = {isa = PBXFileReference; fileEncoding = 4; lastKnownFileType = sourcecode.swift; name = EventDetailTableViewController.swift; path = Explore/EventDetailTableViewController.swift; sourceTree = "<group>"; };
		E90201C61C9CC74400C7839A /* EventTableViewCell.swift */ = {isa = PBXFileReference; fileEncoding = 4; lastKnownFileType = sourcecode.swift; name = EventTableViewCell.swift; path = Events/EventTableViewCell.swift; sourceTree = "<group>"; };
		E90201C81C9CC84A00C7839A /* EventsViewController.swift */ = {isa = PBXFileReference; fileEncoding = 4; lastKnownFileType = sourcecode.swift; name = EventsViewController.swift; path = Events/EventsViewController.swift; sourceTree = "<group>"; };
		E90A0A611BCF7143005D611C /* Readme.md */ = {isa = PBXFileReference; fileEncoding = 4; lastKnownFileType = net.daringfireball.markdown; path = Readme.md; sourceTree = "<group>"; };
		E92C925A1CAA7DC60093EDCD /* en */ = {isa = PBXFileReference; lastKnownFileType = file.storyboard; name = en; path = en.lproj/Main.storyboard; sourceTree = "<group>"; };
		E92C925F1CAA7DDC0093EDCD /* en */ = {isa = PBXFileReference; lastKnownFileType = text.plist.strings; name = en; path = en.lproj/Localizable.strings; sourceTree = "<group>"; };
		E92C92611CAA7DED0093EDCD /* zh-Hans */ = {isa = PBXFileReference; lastKnownFileType = text.plist.strings; name = "zh-Hans"; path = "zh-Hans.lproj/Localizable.strings"; sourceTree = "<group>"; };
		E931635D1BC5E0B4007408C7 /* ConfPlus.app */ = {isa = PBXFileReference; explicitFileType = wrapper.application; includeInIndex = 0; path = ConfPlus.app; sourceTree = BUILT_PRODUCTS_DIR; };
		E93163601BC5E0B4007408C7 /* AppDelegate.swift */ = {isa = PBXFileReference; lastKnownFileType = sourcecode.swift; path = AppDelegate.swift; sourceTree = "<group>"; };
		E93163691BC5E0B4007408C7 /* Assets.xcassets */ = {isa = PBXFileReference; lastKnownFileType = folder.assetcatalog; path = Assets.xcassets; sourceTree = "<group>"; };
		E931636E1BC5E0B4007408C7 /* Info.plist */ = {isa = PBXFileReference; lastKnownFileType = text.plist.xml; path = Info.plist; sourceTree = "<group>"; };
		E93163901BC5E294007408C7 /* viewEffect.swift */ = {isa = PBXFileReference; fileEncoding = 4; lastKnownFileType = sourcecode.swift; name = viewEffect.swift; path = ConfPlus/viewEffect.swift; sourceTree = "<group>"; };
		E93163921BC5E573007408C7 /* LoginViewController.swift */ = {isa = PBXFileReference; fileEncoding = 4; lastKnownFileType = sourcecode.swift; path = LoginViewController.swift; sourceTree = "<group>"; };
		E93163971BC62AB6007408C7 /* ExploreViewController.swift */ = {isa = PBXFileReference; fileEncoding = 4; lastKnownFileType = sourcecode.swift; name = ExploreViewController.swift; path = Explore/ExploreViewController.swift; sourceTree = "<group>"; };
/* End PBXFileReference section */

/* Begin PBXFrameworksBuildPhase section */
		E931635A1BC5E0B4007408C7 /* Frameworks */ = {
			isa = PBXFrameworksBuildPhase;
			buildActionMask = 2147483647;
			files = (
				132EF875AB8D87D7144DFAFD /* Pods_ConfPlus.framework in Frameworks */,
			);
			runOnlyForDeploymentPostprocessing = 0;
		};
/* End PBXFrameworksBuildPhase section */

/* Begin PBXGroup section */
		B6EF5BEFA19F0F82C3834A91 /* Pods */ = {
			isa = PBXGroup;
			children = (
				9BB052330EC07A481F9E74B8 /* Pods-ConfPlus.debug.xcconfig */,
				B38CD26C8A5F4DC173A21F21 /* Pods-ConfPlus.release.xcconfig */,
			);
			name = Pods;
			sourceTree = "<group>";
		};
		C94AFA541C980C2100EC88B6 /* Events */ = {
			isa = PBXGroup;
			children = (
				E90201C81C9CC84A00C7839A /* EventsViewController.swift */,
				E90201C61C9CC74400C7839A /* EventTableViewCell.swift */,
				C94AFA571C980D7C00EC88B6 /* HomeViewController.swift */,
				C94AFA611C981C0600EC88B6 /* Timetable */,
				C94AFA5D1C980ECE00EC88B6 /* MessagesTableViewController.swift */,
				C94AFA5F1C9811BD00EC88B6 /* MapViewController.swift */,
				C94AFA6B1C981E7700EC88B6 /* SecurityViewController.swift */,
				C94AFA621C981C5C00EC88B6 /* Ticket */,
				C94AFA6D1C981F1A00EC88B6 /* AttendingViewController.swift */,
				C94AFA6F1C981F8200EC88B6 /* Admin */,
			);
			name = Events;
			sourceTree = "<group>";
		};
		C94AFA611C981C0600EC88B6 /* Timetable */ = {
			isa = PBXGroup;
			children = (
				C94AFA591C980DE400EC88B6 /* TimeTableViewController.swift */,
				C94AFA5B1C980E3B00EC88B6 /* TalksViewController.swift */,
			);
			name = Timetable;
			sourceTree = "<group>";
		};
		C94AFA621C981C5C00EC88B6 /* Ticket */ = {
			isa = PBXGroup;
			children = (
				C94AFA651C981CAD00EC88B6 /* MyTicketsTableViewController.swift */,
				C94AFA691C981D9000EC88B6 /* TicketProfileTableViewController.swift */,
			);
			name = Ticket;
			sourceTree = "<group>";
		};
		C94AFA6F1C981F8200EC88B6 /* Admin */ = {
			isa = PBXGroup;
			children = (
				C94AFA701C981FED00EC88B6 /* AdminTableViewController.swift */,
			);
			name = Admin;
			sourceTree = "<group>";
		};
		C94AFA721C98204F00EC88B6 /* Profile */ = {
			isa = PBXGroup;
			children = (
				C94AFA731C98217C00EC88B6 /* AccountTableViewController.swift */,
				C94AFA751C98221400EC88B6 /* HistoryTableViewController.swift */,
			);
			name = Profile;
			sourceTree = "<group>";
		};
		C999E8CC1CB12C1200E05C67 /* Model */ = {
			isa = PBXGroup;
			children = (
				C999E8CD1CB12C2A00E05C67 /* Billing+CoreDataProperties.swift */,
				C999E8CE1CB12C2A00E05C67 /* Billing.swift */,
				C999E8CF1CB12C2A00E05C67 /* Message+CoreDataProperties.swift */,
				C999E8D01CB12C2A00E05C67 /* Message.swift */,
				C999E8D11CB12C2A00E05C67 /* Event+CoreDataProperties.swift */,
				C999E8D21CB12C2A00E05C67 /* Event.swift */,
				C999E8D31CB12C2A00E05C67 /* User_Tag+CoreDataProperties.swift */,
				C999E8D41CB12C2A00E05C67 /* User_Tag.swift */,
				C999E8D51CB12C2A00E05C67 /* Session_Attending+CoreDataProperties.swift */,
				C999E8D61CB12C2A00E05C67 /* Session_Attending.swift */,
				C999E8D71CB12C2A00E05C67 /* Event_Tag+CoreDataProperties.swift */,
				C999E8D81CB12C2A00E05C67 /* Event_Tag.swift */,
				C999E8D91CB12C2A00E05C67 /* User+CoreDataProperties.swift */,
				C999E8DA1CB12C2A00E05C67 /* User.swift */,
				C999E8DB1CB12C2A00E05C67 /* Payment+CoreDataProperties.swift */,
				C999E8DC1CB12C2A00E05C67 /* Payment.swift */,
				C999E8DD1CB12C2A00E05C67 /* Ticket+CoreDataProperties.swift */,
				C999E8DE1CB12C2A00E05C67 /* Ticket.swift */,
				C999E8DF1CB12C2A00E05C67 /* Event_Attended+CoreDataProperties.swift */,
				C999E8E01CB12C2A00E05C67 /* Event_Attended.swift */,
				C999E8E11CB12C2A00E05C67 /* Reminder+CoreDataProperties.swift */,
				C999E8E21CB12C2A00E05C67 /* Reminder.swift */,
				C999E8E31CB12C2A00E05C67 /* Session+CoreDataProperties.swift */,
				C999E8E41CB12C2A00E05C67 /* Session.swift */,
			);
			name = Model;
			sourceTree = "<group>";
		};
		CA6657120F9514BBD729216B /* Frameworks */ = {
			isa = PBXGroup;
			children = (
				2E6716C6129756C80225EDE5 /* Pods_ConfPlus.framework */,
			);
			name = Frameworks;
			sourceTree = "<group>";
		};
		E93163541BC5E0B4007408C7 = {
			isa = PBXGroup;
			children = (
				E931635F1BC5E0B4007408C7 /* ConfPlus */,
				E931635E1BC5E0B4007408C7 /* Products */,
				E90A0A611BCF7143005D611C /* Readme.md */,
				B6EF5BEFA19F0F82C3834A91 /* Pods */,
				CA6657120F9514BBD729216B /* Frameworks */,
			);
			sourceTree = "<group>";
		};
		E931635E1BC5E0B4007408C7 /* Products */ = {
			isa = PBXGroup;
			children = (
				E931635D1BC5E0B4007408C7 /* ConfPlus.app */,
			);
			name = Products;
			sourceTree = "<group>";
		};
		E931635F1BC5E0B4007408C7 /* ConfPlus */ = {
			isa = PBXGroup;
			children = (
				C999E8CC1CB12C1200E05C67 /* Model */,
				E93163601BC5E0B4007408C7 /* AppDelegate.swift */,
				E93163661BC5E0B4007408C7 /* Main.storyboard */,
				E93163921BC5E573007408C7 /* LoginViewController.swift */,
				E93163961BC62A76007408C7 /* Explore */,
				C94AFA541C980C2100EC88B6 /* Events */,
				C94AFA721C98204F00EC88B6 /* Profile */,
				E93163691BC5E0B4007408C7 /* Assets.xcassets */,
				E931636E1BC5E0B4007408C7 /* Info.plist */,
				C9F4E0B81CA0CEC8009CA1A9 /* Model.xcdatamodeld */,
				E94288C91CAA815100F8BBBF /* Resources */,
			);
			path = ConfPlus;
			sourceTree = "<group>";
		};
		E93163961BC62A76007408C7 /* Explore */ = {
			isa = PBXGroup;
			children = (
				E93163971BC62AB6007408C7 /* ExploreViewController.swift */,
				E90201C01C9CB7EB00C7839A /* ExploreTableViewCell.swift */,
				E90201C21C9CC2E200C7839A /* EventDetailTableViewController.swift */,
				C94AFA4C1C98085B00EC88B6 /* TicketDetailsViewController.swift */,
				C94AFA4E1C9808AB00EC88B6 /* PersonalDetailsViewController.swift */,
				C94AFA501C980A0B00EC88B6 /* PaymentViewController.swift */,
				C94AFA521C980A5400EC88B6 /* ReceiptViewController.swift */,
			);
			name = Explore;
			sourceTree = "<group>";
		};
		E94288C91CAA815100F8BBBF /* Resources */ = {
			isa = PBXGroup;
			children = (
				E93163901BC5E294007408C7 /* viewEffect.swift */,
				E92C92601CAA7DDC0093EDCD /* Localizable.strings */,
			);
			name = Resources;
			path = ..;
			sourceTree = "<group>";
		};
/* End PBXGroup section */

/* Begin PBXNativeTarget section */
		E931635C1BC5E0B4007408C7 /* ConfPlus */ = {
			isa = PBXNativeTarget;
			buildConfigurationList = E93163871BC5E0B4007408C7 /* Build configuration list for PBXNativeTarget "ConfPlus" */;
			buildPhases = (
				50C4143261207BD16923B77F /* Check Pods Manifest.lock */,
				E93163591BC5E0B4007408C7 /* Sources */,
				E931635A1BC5E0B4007408C7 /* Frameworks */,
				E931635B1BC5E0B4007408C7 /* Resources */,
				2656A587BB55C2D38A0DD238 /* Embed Pods Frameworks */,
				E2A9C2C2E9FB7C789778AFB0 /* Copy Pods Resources */,
			);
			buildRules = (
			);
			dependencies = (
			);
			name = ConfPlus;
			productName = confDemo;
			productReference = E931635D1BC5E0B4007408C7 /* ConfPlus.app */;
			productType = "com.apple.product-type.application";
		};
/* End PBXNativeTarget section */

/* Begin PBXProject section */
		E93163551BC5E0B4007408C7 /* Project object */ = {
			isa = PBXProject;
			attributes = {
				LastSwiftUpdateCheck = 0720;
				LastUpgradeCheck = 0700;
				ORGANIZATIONNAME = "Conf+";
				TargetAttributes = {
					E931635C1BC5E0B4007408C7 = {
						CreatedOnToolsVersion = 7.0.1;
					};
				};
			};
			buildConfigurationList = E93163581BC5E0B4007408C7 /* Build configuration list for PBXProject "ConfPlus" */;
			compatibilityVersion = "Xcode 3.2";
			developmentRegion = English;
			hasScannedForEncodings = 0;
			knownRegions = (
				en,
				"zh-Hans",
			);
			mainGroup = E93163541BC5E0B4007408C7;
			productRefGroup = E931635E1BC5E0B4007408C7 /* Products */;
			projectDirPath = "";
			projectRoot = "";
			targets = (
				E931635C1BC5E0B4007408C7 /* ConfPlus */,
			);
		};
/* End PBXProject section */

/* Begin PBXResourcesBuildPhase section */
		E931635B1BC5E0B4007408C7 /* Resources */ = {
			isa = PBXResourcesBuildPhase;
			buildActionMask = 2147483647;
			files = (
				E92C925E1CAA7DDC0093EDCD /* Localizable.strings in Resources */,
				E931636A1BC5E0B4007408C7 /* Assets.xcassets in Resources */,
				E93163681BC5E0B4007408C7 /* Main.storyboard in Resources */,
			);
			runOnlyForDeploymentPostprocessing = 0;
		};
/* End PBXResourcesBuildPhase section */

/* Begin PBXShellScriptBuildPhase section */
		2656A587BB55C2D38A0DD238 /* Embed Pods Frameworks */ = {
			isa = PBXShellScriptBuildPhase;
			buildActionMask = 2147483647;
			files = (
			);
			inputPaths = (
			);
			name = "Embed Pods Frameworks";
			outputPaths = (
			);
			runOnlyForDeploymentPostprocessing = 0;
			shellPath = /bin/sh;
			shellScript = "\"${SRCROOT}/Pods/Target Support Files/Pods-ConfPlus/Pods-ConfPlus-frameworks.sh\"\n";
			showEnvVarsInLog = 0;
		};
		50C4143261207BD16923B77F /* Check Pods Manifest.lock */ = {
			isa = PBXShellScriptBuildPhase;
			buildActionMask = 2147483647;
			files = (
			);
			inputPaths = (
			);
			name = "Check Pods Manifest.lock";
			outputPaths = (
			);
			runOnlyForDeploymentPostprocessing = 0;
			shellPath = /bin/sh;
			shellScript = "diff \"${PODS_ROOT}/../Podfile.lock\" \"${PODS_ROOT}/Manifest.lock\" > /dev/null\nif [[ $? != 0 ]] ; then\n    cat << EOM\nerror: The sandbox is not in sync with the Podfile.lock. Run 'pod install' or update your CocoaPods installation.\nEOM\n    exit 1\nfi\n";
			showEnvVarsInLog = 0;
		};
		E2A9C2C2E9FB7C789778AFB0 /* Copy Pods Resources */ = {
			isa = PBXShellScriptBuildPhase;
			buildActionMask = 2147483647;
			files = (
			);
			inputPaths = (
			);
			name = "Copy Pods Resources";
			outputPaths = (
			);
			runOnlyForDeploymentPostprocessing = 0;
			shellPath = /bin/sh;
			shellScript = "\"${SRCROOT}/Pods/Target Support Files/Pods-ConfPlus/Pods-ConfPlus-resources.sh\"\n";
			showEnvVarsInLog = 0;
		};
/* End PBXShellScriptBuildPhase section */

/* Begin PBXSourcesBuildPhase section */
		E93163591BC5E0B4007408C7 /* Sources */ = {
			isa = PBXSourcesBuildPhase;
			buildActionMask = 2147483647;
			files = (
				C94AFA5A1C980DE400EC88B6 /* TimeTableViewController.swift in Sources */,
				E90201C91C9CC84A00C7839A /* EventsViewController.swift in Sources */,
				C94AFA5E1C980ECE00EC88B6 /* MessagesTableViewController.swift in Sources */,
				C999E8F01CB12C2A00E05C67 /* Event_Tag.swift in Sources */,
				E90A0A621BCF7143005D611C /* Readme.md in Sources */,
				C999E8EB1CB12C2A00E05C67 /* User_Tag+CoreDataProperties.swift in Sources */,
				E90201C71C9CC74400C7839A /* EventTableViewCell.swift in Sources */,
				C9F4E0BA1CA0CEC8009CA1A9 /* Model.xcdatamodeld in Sources */,
				C94AFA711C981FED00EC88B6 /* AdminTableViewController.swift in Sources */,
				C999E8F31CB12C2A00E05C67 /* Payment+CoreDataProperties.swift in Sources */,
				C999E8FC1CB12C2A00E05C67 /* Session.swift in Sources */,
				C999E8ED1CB12C2A00E05C67 /* Session_Attending+CoreDataProperties.swift in Sources */,
				C999E8F61CB12C2A00E05C67 /* Ticket.swift in Sources */,
				E93163981BC62AB6007408C7 /* ExploreViewController.swift in Sources */,
				C999E8EA1CB12C2A00E05C67 /* Event.swift in Sources */,
				C94AFA6E1C981F1A00EC88B6 /* AttendingViewController.swift in Sources */,
				C999E8FA1CB12C2A00E05C67 /* Reminder.swift in Sources */,
				C999E8F91CB12C2A00E05C67 /* Reminder+CoreDataProperties.swift in Sources */,
				C94AFA761C98221400EC88B6 /* HistoryTableViewController.swift in Sources */,
				C94AFA5C1C980E3B00EC88B6 /* TalksViewController.swift in Sources */,
				C999E8F41CB12C2A00E05C67 /* Payment.swift in Sources */,
				C999E8EC1CB12C2A00E05C67 /* User_Tag.swift in Sources */,
				C999E8EE1CB12C2A00E05C67 /* Session_Attending.swift in Sources */,
				C94AFA4F1C9808AB00EC88B6 /* PersonalDetailsViewController.swift in Sources */,
				C94AFA661C981CAD00EC88B6 /* MyTicketsTableViewController.swift in Sources */,
				C999E8E71CB12C2A00E05C67 /* Message+CoreDataProperties.swift in Sources */,
				C999E8E61CB12C2A00E05C67 /* Billing.swift in Sources */,
				E93163611BC5E0B4007408C7 /* AppDelegate.swift in Sources */,
				E93163931BC5E573007408C7 /* LoginViewController.swift in Sources */,
				C999E8F11CB12C2A00E05C67 /* User+CoreDataProperties.swift in Sources */,
				C94AFA511C980A0B00EC88B6 /* PaymentViewController.swift in Sources */,
				E90201C11C9CB7EB00C7839A /* ExploreTableViewCell.swift in Sources */,
				C999E8F81CB12C2A00E05C67 /* Event_Attended.swift in Sources */,
				C999E8E51CB12C2A00E05C67 /* Billing+CoreDataProperties.swift in Sources */,
				C94AFA6A1C981D9000EC88B6 /* TicketProfileTableViewController.swift in Sources */,
				C999E8FB1CB12C2A00E05C67 /* Session+CoreDataProperties.swift in Sources */,
				C999E8F21CB12C2A00E05C67 /* User.swift in Sources */,
				C94AFA531C980A5400EC88B6 /* ReceiptViewController.swift in Sources */,
				C94AFA741C98217C00EC88B6 /* AccountTableViewController.swift in Sources */,
				C999E8E91CB12C2A00E05C67 /* Event+CoreDataProperties.swift in Sources */,
				E93163911BC5E294007408C7 /* viewEffect.swift in Sources */,
				C94AFA581C980D7C00EC88B6 /* HomeViewController.swift in Sources */,
				C94AFA4D1C98085B00EC88B6 /* TicketDetailsViewController.swift in Sources */,
				C94AFA6C1C981E7700EC88B6 /* SecurityViewController.swift in Sources */,
				C999E8E81CB12C2A00E05C67 /* Message.swift in Sources */,
				C999E8F51CB12C2A00E05C67 /* Ticket+CoreDataProperties.swift in Sources */,
				C94AFA601C9811BD00EC88B6 /* MapViewController.swift in Sources */,
				C999E8F71CB12C2A00E05C67 /* Event_Attended+CoreDataProperties.swift in Sources */,
				C999E8EF1CB12C2A00E05C67 /* Event_Tag+CoreDataProperties.swift in Sources */,
				E90201C31C9CC2E200C7839A /* EventDetailTableViewController.swift in Sources */,
			);
			runOnlyForDeploymentPostprocessing = 0;
		};
/* End PBXSourcesBuildPhase section */

/* Begin PBXVariantGroup section */
		E92C92601CAA7DDC0093EDCD /* Localizable.strings */ = {
			isa = PBXVariantGroup;
			children = (
				E92C925F1CAA7DDC0093EDCD /* en */,
				E92C92611CAA7DED0093EDCD /* zh-Hans */,
			);
			name = Localizable.strings;
			sourceTree = "<group>";
		};
		E93163661BC5E0B4007408C7 /* Main.storyboard */ = {
			isa = PBXVariantGroup;
			children = (
				E92C925A1CAA7DC60093EDCD /* en */,
			);
			name = Main.storyboard;
			sourceTree = "<group>";
		};
/* End PBXVariantGroup section */

/* Begin XCBuildConfiguration section */
		E93163851BC5E0B4007408C7 /* Debug */ = {
			isa = XCBuildConfiguration;
			buildSettings = {
				ALWAYS_SEARCH_USER_PATHS = NO;
				CLANG_CXX_LANGUAGE_STANDARD = "gnu++0x";
				CLANG_CXX_LIBRARY = "libc++";
				CLANG_ENABLE_MODULES = YES;
				CLANG_ENABLE_OBJC_ARC = YES;
				CLANG_WARN_BOOL_CONVERSION = YES;
				CLANG_WARN_CONSTANT_CONVERSION = YES;
				CLANG_WARN_DIRECT_OBJC_ISA_USAGE = YES_ERROR;
				CLANG_WARN_EMPTY_BODY = YES;
				CLANG_WARN_ENUM_CONVERSION = YES;
				CLANG_WARN_INT_CONVERSION = YES;
				CLANG_WARN_OBJC_ROOT_CLASS = YES_ERROR;
				CLANG_WARN_UNREACHABLE_CODE = YES;
				CLANG_WARN__DUPLICATE_METHOD_MATCH = YES;
				"CODE_SIGN_IDENTITY[sdk=iphoneos*]" = "iPhone Developer";
				COPY_PHASE_STRIP = NO;
				DEBUG_INFORMATION_FORMAT = dwarf;
				ENABLE_STRICT_OBJC_MSGSEND = YES;
				ENABLE_TESTABILITY = YES;
				GCC_C_LANGUAGE_STANDARD = gnu99;
				GCC_DYNAMIC_NO_PIC = NO;
				GCC_NO_COMMON_BLOCKS = YES;
				GCC_OPTIMIZATION_LEVEL = 0;
				GCC_PREPROCESSOR_DEFINITIONS = (
					"DEBUG=1",
					"$(inherited)",
				);
				GCC_WARN_64_TO_32_BIT_CONVERSION = YES;
				GCC_WARN_ABOUT_RETURN_TYPE = YES_ERROR;
				GCC_WARN_UNDECLARED_SELECTOR = YES;
				GCC_WARN_UNINITIALIZED_AUTOS = YES_AGGRESSIVE;
				GCC_WARN_UNUSED_FUNCTION = YES;
				GCC_WARN_UNUSED_VARIABLE = YES;
				IPHONEOS_DEPLOYMENT_TARGET = 9.0;
				MTL_ENABLE_DEBUG_INFO = YES;
				ONLY_ACTIVE_ARCH = YES;
				SDKROOT = iphoneos;
				SWIFT_OPTIMIZATION_LEVEL = "-Onone";
				TARGETED_DEVICE_FAMILY = "1,2";
			};
			name = Debug;
		};
		E93163861BC5E0B4007408C7 /* Release */ = {
			isa = XCBuildConfiguration;
			buildSettings = {
				ALWAYS_SEARCH_USER_PATHS = NO;
				CLANG_CXX_LANGUAGE_STANDARD = "gnu++0x";
				CLANG_CXX_LIBRARY = "libc++";
				CLANG_ENABLE_MODULES = YES;
				CLANG_ENABLE_OBJC_ARC = YES;
				CLANG_WARN_BOOL_CONVERSION = YES;
				CLANG_WARN_CONSTANT_CONVERSION = YES;
				CLANG_WARN_DIRECT_OBJC_ISA_USAGE = YES_ERROR;
				CLANG_WARN_EMPTY_BODY = YES;
				CLANG_WARN_ENUM_CONVERSION = YES;
				CLANG_WARN_INT_CONVERSION = YES;
				CLANG_WARN_OBJC_ROOT_CLASS = YES_ERROR;
				CLANG_WARN_UNREACHABLE_CODE = YES;
				CLANG_WARN__DUPLICATE_METHOD_MATCH = YES;
				"CODE_SIGN_IDENTITY[sdk=iphoneos*]" = "iPhone Developer";
				COPY_PHASE_STRIP = NO;
				DEBUG_INFORMATION_FORMAT = "dwarf-with-dsym";
				ENABLE_NS_ASSERTIONS = NO;
				ENABLE_STRICT_OBJC_MSGSEND = YES;
				GCC_C_LANGUAGE_STANDARD = gnu99;
				GCC_NO_COMMON_BLOCKS = YES;
				GCC_WARN_64_TO_32_BIT_CONVERSION = YES;
				GCC_WARN_ABOUT_RETURN_TYPE = YES_ERROR;
				GCC_WARN_UNDECLARED_SELECTOR = YES;
				GCC_WARN_UNINITIALIZED_AUTOS = YES_AGGRESSIVE;
				GCC_WARN_UNUSED_FUNCTION = YES;
				GCC_WARN_UNUSED_VARIABLE = YES;
				IPHONEOS_DEPLOYMENT_TARGET = 9.0;
				MTL_ENABLE_DEBUG_INFO = NO;
				SDKROOT = iphoneos;
				TARGETED_DEVICE_FAMILY = "1,2";
				VALIDATE_PRODUCT = YES;
			};
			name = Release;
		};
		E93163881BC5E0B4007408C7 /* Debug */ = {
			isa = XCBuildConfiguration;
			baseConfigurationReference = 9BB052330EC07A481F9E74B8 /* Pods-ConfPlus.debug.xcconfig */;
			buildSettings = {
				ASSETCATALOG_COMPILER_APPICON_NAME = AppIcon;
				INFOPLIST_FILE = ConfPlus/Info.plist;
				LD_RUNPATH_SEARCH_PATHS = "$(inherited) @executable_path/Frameworks";
				PRODUCT_BUNDLE_IDENTIFIER = my.cy.ConfPlus;
				PRODUCT_NAME = "$(TARGET_NAME)";
			};
			name = Debug;
		};
		E93163891BC5E0B4007408C7 /* Release */ = {
			isa = XCBuildConfiguration;
			baseConfigurationReference = B38CD26C8A5F4DC173A21F21 /* Pods-ConfPlus.release.xcconfig */;
			buildSettings = {
				ASSETCATALOG_COMPILER_APPICON_NAME = AppIcon;
				INFOPLIST_FILE = ConfPlus/Info.plist;
				LD_RUNPATH_SEARCH_PATHS = "$(inherited) @executable_path/Frameworks";
				PRODUCT_BUNDLE_IDENTIFIER = my.cy.ConfPlus;
				PRODUCT_NAME = "$(TARGET_NAME)";
			};
			name = Release;
		};
/* End XCBuildConfiguration section */

/* Begin XCConfigurationList section */
		E93163581BC5E0B4007408C7 /* Build configuration list for PBXProject "ConfPlus" */ = {
			isa = XCConfigurationList;
			buildConfigurations = (
				E93163851BC5E0B4007408C7 /* Debug */,
				E93163861BC5E0B4007408C7 /* Release */,
			);
			defaultConfigurationIsVisible = 0;
			defaultConfigurationName = Release;
		};
		E93163871BC5E0B4007408C7 /* Build configuration list for PBXNativeTarget "ConfPlus" */ = {
			isa = XCConfigurationList;
			buildConfigurations = (
				E93163881BC5E0B4007408C7 /* Debug */,
				E93163891BC5E0B4007408C7 /* Release */,
			);
			defaultConfigurationIsVisible = 0;
			defaultConfigurationName = Release;
		};
/* End XCConfigurationList section */

/* Begin XCVersionGroup section */
		C9F4E0B81CA0CEC8009CA1A9 /* Model.xcdatamodeld */ = {
			isa = XCVersionGroup;
			children = (
				C9F4E0B91CA0CEC8009CA1A9 /* Model.xcdatamodel */,
			);
			currentVersion = C9F4E0B91CA0CEC8009CA1A9 /* Model.xcdatamodel */;
			path = Model.xcdatamodeld;
			sourceTree = "<group>";
			versionGroupType = wrapper.xcdatamodel;
		};
/* End XCVersionGroup section */
	};
	rootObject = E93163551BC5E0B4007408C7 /* Project object */;
}
